
Microsoft Visual Studio Solution File, Format Version 12.00
# Visual Studio Version 16
VisualStudioVersion = 16.0.30114.105
MinimumVisualStudioVersion = 10.0.40219.1
Project("{FAE04EC0-301F-11D3-BF4B-00C04F79EFBC}") = "Mt.Api", "Mt.Api\Mt.Api.csproj", "{E07DFA34-BA67-4FE8-9B42-74546ED7ED6A}"
EndProject
Global
	GlobalSection(SolutionConfigurationPlatforms) = preSolution
		Debug|Any CPU = Debug|Any CPU
		Release|Any CPU = Release|Any CPU
	EndGlobalSection
	GlobalSection(SolutionProperties) = preSolution
		HideSolutionNode = FALSE
	EndGlobalSection
	GlobalSection(ProjectConfigurationPlatforms) = postSolution
		{E07DFA34-BA67-4FE8-9B42-74546ED7ED6A}.Debug|Any CPU.ActiveCfg = Debug|Any CPU
		{E07DFA34-BA67-4FE8-9B42-74546ED7ED6A}.Debug|Any CPU.Build.0 = Debug|Any CPU
		{E07DFA34-BA67-4FE8-9B42-74546ED7ED6A}.Release|Any CPU.ActiveCfg = Release|Any CPU
		{E07DFA34-BA67-4FE8-9B42-74546ED7ED6A}.Release|Any CPU.Build.0 = Release|Any CPU
	EndGlobalSection
EndGlobal
