
Microsoft Visual Studio Solution File, Format Version 12.00
# Visual Studio Version 17
VisualStudioVersion = 17.5.002.0
MinimumVisualStudioVersion = 10.0.40219.1
Project("{9A19103F-16F7-4668-BE54-9A1E7A4F7556}") = "Mt.Api", "Mt.Api.csproj", "{0187C271-55AA-4F59-AE60-0B76C463D495}"
EndProject
Global
	GlobalSection(SolutionConfigurationPlatforms) = preSolution
		Debug|Any CPU = Debug|Any CPU
		Release|Any CPU = Release|Any CPU
	EndGlobalSection
	GlobalSection(ProjectConfigurationPlatforms) = postSolution
		{0187C271-55AA-4F59-AE60-0B76C463D495}.Debug|Any CPU.ActiveCfg = Debug|Any CPU
		{0187C271-55AA-4F59-AE60-0B76C463D495}.Debug|Any CPU.Build.0 = Debug|Any CPU
		{0187C271-55AA-4F59-AE60-0B76C463D495}.Release|Any CPU.ActiveCfg = Release|Any CPU
		{0187C271-55AA-4F59-AE60-0B76C463D495}.Release|Any CPU.Build.0 = Release|Any CPU
	EndGlobalSection
	GlobalSection(SolutionProperties) = preSolution
		HideSolutionNode = FALSE
	EndGlobalSection
	GlobalSection(ExtensibilityGlobals) = postSolution
		SolutionGuid = {BE2B0145-4607-467A-990C-217DA8159229}
	EndGlobalSection
EndGlobal
